
Microsoft Visual Studio Solution File, Format Version 12.00
# Visual Studio Version 17
VisualStudioVersion = 17.9.34701.34
MinimumVisualStudioVersion = 10.0.40219.1
Project("{9A19103F-16F7-4668-BE54-9A1E7A4F7556}") = "ShopECommerce.Entities", "ShopECommerce.Entities\ShopECommerce.Entities.csproj", "{4582127D-5A1E-450D-BB7A-1AFF8B29C79E}"
EndProject
Project("{9A19103F-16F7-4668-BE54-9A1E7A4F7556}") = "ShopECommerce.Data", "ShopECommerce.Data\ShopECommerce.Data.csproj", "{E9BE2AA1-8F5F-417E-83FB-16782755135C}"
EndProject
Project("{9A19103F-16F7-4668-BE54-9A1E7A4F7556}") = "ShopECommerce.DTOs", "ShopECommerce.DTOs\ShopECommerce.DTOs.csproj", "{36BD7A68-5729-455B-BCDC-AC379E0D3F08}"
EndProject
Project("{9A19103F-16F7-4668-BE54-9A1E7A4F7556}") = "ShopECommerce.Business", "ShopECommerce.Business\ShopECommerce.Business.csproj", "{1C128C6A-4506-4C99-99D0-1F34A2522159}"
EndProject
Project("{9A19103F-16F7-4668-BE54-9A1E7A4F7556}") = "ShopECommerce.Api", "ShopECommerce.Api\ShopECommerce.Api.csproj", "{8C5A678C-D6C9-4465-8E13-C188D23959F3}"
EndProject
Project("{9A19103F-16F7-4668-BE54-9A1E7A4F7556}") = "ShopECommerce.WebUI", "ShopECommerce.WebUI\ShopECommerce.WebUI.csproj", "{1304156A-A800-4B48-B644-7B0A1A5539A9}"
EndProject
Project("{2150E333-8FDC-42A3-9474-1A3956D46DE8}") = "ProjeSunum", "ProjeSunum", "{B524DDF2-DE4C-491E-8B7A-4B1255E5E1A2}"
	ProjectSection(SolutionItems) = preProject
		ProjeKurulumVeBaslatmaAyarlari.txt = ProjeKurulumVeBaslatmaAyarlari.txt
	EndProjectSection
EndProject
Global
	GlobalSection(SolutionConfigurationPlatforms) = preSolution
		Debug|Any CPU = Debug|Any CPU
		Release|Any CPU = Release|Any CPU
	EndGlobalSection
	GlobalSection(ProjectConfigurationPlatforms) = postSolution
		{4582127D-5A1E-450D-BB7A-1AFF8B29C79E}.Debug|Any CPU.ActiveCfg = Debug|Any CPU
		{4582127D-5A1E-450D-BB7A-1AFF8B29C79E}.Debug|Any CPU.Build.0 = Debug|Any CPU
		{4582127D-5A1E-450D-BB7A-1AFF8B29C79E}.Release|Any CPU.ActiveCfg = Release|Any CPU
		{4582127D-5A1E-450D-BB7A-1AFF8B29C79E}.Release|Any CPU.Build.0 = Release|Any CPU
		{E9BE2AA1-8F5F-417E-83FB-16782755135C}.Debug|Any CPU.ActiveCfg = Debug|Any CPU
		{E9BE2AA1-8F5F-417E-83FB-16782755135C}.Debug|Any CPU.Build.0 = Debug|Any CPU
		{E9BE2AA1-8F5F-417E-83FB-16782755135C}.Release|Any CPU.ActiveCfg = Release|Any CPU
		{E9BE2AA1-8F5F-417E-83FB-16782755135C}.Release|Any CPU.Build.0 = Release|Any CPU
		{36BD7A68-5729-455B-BCDC-AC379E0D3F08}.Debug|Any CPU.ActiveCfg = Debug|Any CPU
		{36BD7A68-5729-455B-BCDC-AC379E0D3F08}.Debug|Any CPU.Build.0 = Debug|Any CPU
		{36BD7A68-5729-455B-BCDC-AC379E0D3F08}.Release|Any CPU.ActiveCfg = Release|Any CPU
		{36BD7A68-5729-455B-BCDC-AC379E0D3F08}.Release|Any CPU.Build.0 = Release|Any CPU
		{1C128C6A-4506-4C99-99D0-1F34A2522159}.Debug|Any CPU.ActiveCfg = Debug|Any CPU
		{1C128C6A-4506-4C99-99D0-1F34A2522159}.Debug|Any CPU.Build.0 = Debug|Any CPU
		{1C128C6A-4506-4C99-99D0-1F34A2522159}.Release|Any CPU.ActiveCfg = Release|Any CPU
		{1C128C6A-4506-4C99-99D0-1F34A2522159}.Release|Any CPU.Build.0 = Release|Any CPU
		{8C5A678C-D6C9-4465-8E13-C188D23959F3}.Debug|Any CPU.ActiveCfg = Debug|Any CPU
		{8C5A678C-D6C9-4465-8E13-C188D23959F3}.Debug|Any CPU.Build.0 = Debug|Any CPU
		{8C5A678C-D6C9-4465-8E13-C188D23959F3}.Release|Any CPU.ActiveCfg = Release|Any CPU
		{8C5A678C-D6C9-4465-8E13-C188D23959F3}.Release|Any CPU.Build.0 = Release|Any CPU
		{1304156A-A800-4B48-B644-7B0A1A5539A9}.Debug|Any CPU.ActiveCfg = Debug|Any CPU
		{1304156A-A800-4B48-B644-7B0A1A5539A9}.Debug|Any CPU.Build.0 = Debug|Any CPU
		{1304156A-A800-4B48-B644-7B0A1A5539A9}.Release|Any CPU.ActiveCfg = Release|Any CPU
		{1304156A-A800-4B48-B644-7B0A1A5539A9}.Release|Any CPU.Build.0 = Release|Any CPU
	EndGlobalSection
	GlobalSection(SolutionProperties) = preSolution
		HideSolutionNode = FALSE
	EndGlobalSection
	GlobalSection(ExtensibilityGlobals) = postSolution
		SolutionGuid = {99E0293A-9061-4D34-B345-F94E47720634}
	EndGlobalSection
EndGlobal
